
Microsoft Visual Studio Solution File, Format Version 12.00
# Visual Studio Version 17
VisualStudioVersion = 17.4.33205.214
MinimumVisualStudioVersion = 10.0.40219.1
Project("{9A19103F-16F7-4668-BE54-9A1E7A4F7556}") = "CacheProject", "CacheProject.csproj", "{A60FCBA9-90E9-4B31-8DFD-77D46A3ABE9F}"
EndProject
Project("{FAE04EC0-301F-11D3-BF4B-00C04F79EFBC}") = "CacheProjectTest", "..\CacheProjectTest\CacheProjectTest.csproj", "{075CBEED-C611-4A01-B170-C4431403204E}"
EndProject
Global
	GlobalSection(SolutionConfigurationPlatforms) = preSolution
		Debug|Any CPU = Debug|Any CPU
		Release|Any CPU = Release|Any CPU
	EndGlobalSection
	GlobalSection(ProjectConfigurationPlatforms) = postSolution
		{A60FCBA9-90E9-4B31-8DFD-77D46A3ABE9F}.Debug|Any CPU.ActiveCfg = Debug|Any CPU
		{A60FCBA9-90E9-4B31-8DFD-77D46A3ABE9F}.Debug|Any CPU.Build.0 = Debug|Any CPU
		{A60FCBA9-90E9-4B31-8DFD-77D46A3ABE9F}.Release|Any CPU.ActiveCfg = Release|Any CPU
		{A60FCBA9-90E9-4B31-8DFD-77D46A3ABE9F}.Release|Any CPU.Build.0 = Release|Any CPU
		{075CBEED-C611-4A01-B170-C4431403204E}.Debug|Any CPU.ActiveCfg = Debug|Any CPU
		{075CBEED-C611-4A01-B170-C4431403204E}.Debug|Any CPU.Build.0 = Debug|Any CPU
		{075CBEED-C611-4A01-B170-C4431403204E}.Release|Any CPU.ActiveCfg = Release|Any CPU
		{075CBEED-C611-4A01-B170-C4431403204E}.Release|Any CPU.Build.0 = Release|Any CPU
	EndGlobalSection
	GlobalSection(SolutionProperties) = preSolution
		HideSolutionNode = FALSE
	EndGlobalSection
	GlobalSection(ExtensibilityGlobals) = postSolution
		SolutionGuid = {F288D74B-3E50-49F6-8184-FC369A01FE26}
	EndGlobalSection
EndGlobal
